{
  "nodes": {
    "dwm": {
      "flake": false,
      "locked": {
        "lastModified": 1631405620,
        "narHash": "sha256-phsocZN0Sb/MtjQh5Ofl0QI2BQ59f/ghnxTxS7R7H/Y=",
        "owner": "notusknot",
        "repo": "dwm",
        "rev": "5da29a095c5f5e485eb85ee00559253ac2adedf2",
        "type": "github"
      },
      "original": {
        "owner": "notusknot",
        "repo": "dwm",
        "type": "github"
      }
    },
    "flake-compat": {
      "flake": false,
      "locked": {
        "lastModified": 1627913399,
        "narHash": "sha256-hY8g6H2KFL8ownSiFeMOjwPC8P0ueXpCVEbxgda3pko=",
        "owner": "edolstra",
        "repo": "flake-compat",
        "rev": "12c64ca55c1014cdc1b16ed5a804aa8576601ff2",
        "type": "github"
      },
      "original": {
        "owner": "edolstra",
        "repo": "flake-compat",
        "type": "github"
      }
    },
    "flake-utils": {
      "locked": {
        "lastModified": 1629481132,
        "narHash": "sha256-JHgasjPR0/J1J3DRm4KxM4zTyAj4IOJY8vIl75v/kPI=",
        "owner": "numtide",
        "repo": "flake-utils",
        "rev": "997f7efcb746a9c140ce1f13c72263189225f482",
        "type": "github"
      },
      "original": {
        "owner": "numtide",
        "repo": "flake-utils",
        "type": "github"
      }
    },
    "home-manager": {
      "inputs": {
        "nixpkgs": [
          "nixpkgs"
        ]
      },
      "locked": {
        "lastModified": 1633372222,
        "narHash": "sha256-uh2D+VCQnz/8QasGY8yZs+VHJ2XQyZldRtPvcaIq5rY=",
        "owner": "nix-community",
        "repo": "home-manager",
        "rev": "88f9b333845d3d905463368efed5eabe304d75c2",
        "type": "github"
      },
      "original": {
        "owner": "nix-community",
        "repo": "home-manager",
        "type": "github"
      }
    },
    "neovim-flake": {
      "inputs": {
        "flake-utils": "flake-utils",
        "nixpkgs": [
          "nixpkgs"
        ]
      },
      "locked": {
        "dir": "contrib",
        "lastModified": 1633307592,
        "narHash": "sha256-wHefQHR+5OP+8nrY8yqqNRaGlKRRmDYb/hHah5OnmCc=",
        "owner": "neovim",
        "repo": "neovim",
        "rev": "8a9f292991bca7d84a987be7b0eb0fd675a8dbb1",
        "type": "github"
      },
      "original": {
        "dir": "contrib",
        "owner": "neovim",
        "repo": "neovim",
        "type": "github"
      }
    },
    "neovim-nightly-overlay": {
      "inputs": {
        "flake-compat": "flake-compat",
        "neovim-flake": "neovim-flake",
        "nixpkgs": [
          "nixpkgs"
        ]
      },
      "locked": {
        "lastModified": 1633335202,
        "narHash": "sha256-C19nx9yFRtCYBsOIBwJdQYR+mX+0qStrKvCwJZkPpFg=",
        "owner": "nix-community",
        "repo": "neovim-nightly-overlay",
        "rev": "db8cdeeff594aa7bc10c3137daf98a8c4d33c1a2",
        "type": "github"
      },
      "original": {
        "owner": "nix-community",
        "repo": "neovim-nightly-overlay",
        "type": "github"
      }
    },
    "nixpkgs": {
      "locked": {
        "lastModified": 1633351077,
        "narHash": "sha256-z38JG4Bb0GtM1aF1pANVdp1dniMP23Yb3HnRoJRy2uU=",
        "owner": "nixos",
        "repo": "nixpkgs",
        "rev": "14aef06d9b3ad1d07626bdbb16083b83f92dc6c1",
        "type": "github"
      },
      "original": {
        "owner": "nixos",
        "ref": "nixos-unstable",
        "repo": "nixpkgs",
        "type": "github"
      }
    },
    "nur": {
      "locked": {
        "lastModified": 1633406846,
        "narHash": "sha256-8/F8s113F6xdAB6l0j8B9A866rdou2wB3dpLvAV7Xkc=",
        "owner": "nix-community",
        "repo": "NUR",
        "rev": "934348d0c74673a55748cde4ca0448f3912ad520",
        "type": "github"
      },
      "original": {
        "owner": "nix-community",
        "repo": "NUR",
        "type": "github"
      }
    },
    "root": {
      "inputs": {
        "dwm": "dwm",
        "home-manager": "home-manager",
        "neovim-nightly-overlay": "neovim-nightly-overlay",
        "nixpkgs": "nixpkgs",
        "nur": "nur",
        "st": "st"
      }
    },
    "st": {
      "flake": false,
      "locked": {
        "lastModified": 1627499086,
        "narHash": "sha256-F8Gbuym5zhrDTgMipEIWuhuqkLgthSiJSdwn7ViNEio=",
        "owner": "notusknot",
        "repo": "st",
        "rev": "7444f4a1526b398b0d8e6988f06e69c8324d042f",
        "type": "github"
      },
      "original": {
        "owner": "notusknot",
        "repo": "st",
        "type": "github"
      }
    }
  },
  "root": "root",
  "version": 7
}
