{
  "nodes": {
    "dwm": {
      "flake": false,
      "locked": {
        "lastModified": 1631405620,
        "narHash": "sha256-phsocZN0Sb/MtjQh5Ofl0QI2BQ59f/ghnxTxS7R7H/Y=",
        "owner": "notusknot",
        "repo": "dwm",
        "rev": "5da29a095c5f5e485eb85ee00559253ac2adedf2",
        "type": "github"
      },
      "original": {
        "owner": "notusknot",
        "repo": "dwm",
        "type": "github"
      }
    },
    "flake-compat": {
      "flake": false,
      "locked": {
        "lastModified": 1627913399,
        "narHash": "sha256-hY8g6H2KFL8ownSiFeMOjwPC8P0ueXpCVEbxgda3pko=",
        "owner": "edolstra",
        "repo": "flake-compat",
        "rev": "12c64ca55c1014cdc1b16ed5a804aa8576601ff2",
        "type": "github"
      },
      "original": {
        "owner": "edolstra",
        "repo": "flake-compat",
        "type": "github"
      }
    },
    "flake-utils": {
      "locked": {
        "lastModified": 1629481132,
        "narHash": "sha256-JHgasjPR0/J1J3DRm4KxM4zTyAj4IOJY8vIl75v/kPI=",
        "owner": "numtide",
        "repo": "flake-utils",
        "rev": "997f7efcb746a9c140ce1f13c72263189225f482",
        "type": "github"
      },
      "original": {
        "owner": "numtide",
        "repo": "flake-utils",
        "type": "github"
      }
    },
    "home-manager": {
      "inputs": {
        "nixpkgs": [
          "nixpkgs"
        ]
      },
      "locked": {
        "lastModified": 1635794849,
        "narHash": "sha256-ZdjgrDn7hcQLDsAEOQg862srVcWleBX8Miz0GpLTs9M=",
        "owner": "nix-community",
        "repo": "home-manager",
        "rev": "7523252f97bff5d39de47fb2b112f2039d1218a3",
        "type": "github"
      },
      "original": {
        "owner": "nix-community",
        "repo": "home-manager",
        "type": "github"
      }
    },
    "neovim-flake": {
      "inputs": {
        "flake-utils": "flake-utils",
        "nixpkgs": [
          "neovim-nightly-overlay",
          "nixpkgs"
        ]
      },
      "locked": {
        "dir": "contrib",
        "lastModified": 1635725709,
        "narHash": "sha256-ynI6DwH8aC8CHgFzJLc2N6RtFWDfLhKPMY309UHXCDs=",
        "owner": "neovim",
        "repo": "neovim",
        "rev": "7ae86c1d4caffec57e2d4d44e40a9feba91d96dd",
        "type": "github"
      },
      "original": {
        "dir": "contrib",
        "owner": "neovim",
        "repo": "neovim",
        "type": "github"
      }
    },
    "neovim-nightly-overlay": {
      "inputs": {
        "flake-compat": "flake-compat",
        "neovim-flake": "neovim-flake",
        "nixpkgs": [
          "nixpkgs"
        ]
      },
      "locked": {
        "lastModified": 1635754422,
        "narHash": "sha256-m5WF3k50dU5uXRTXJnWylfylDChc9yW8CtvqujD7/sw=",
        "owner": "nix-community",
        "repo": "neovim-nightly-overlay",
        "rev": "d82802aba7f9e1e29cfe16605f5373e92ef3bdbd",
        "type": "github"
      },
      "original": {
        "owner": "nix-community",
        "repo": "neovim-nightly-overlay",
        "type": "github"
      }
    },
    "nixpkgs": {
      "locked": {
        "lastModified": 1635702959,
        "narHash": "sha256-ZKxX9DjJJGJqq20pE4dIj1G4ssCLVXXRFerM6lNuF0k=",
        "owner": "nixos",
        "repo": "nixpkgs",
        "rev": "e544ee88fa4590df75e221e645a03fe157a99e5b",
        "type": "github"
      },
      "original": {
        "owner": "nixos",
        "ref": "nixos-unstable",
        "repo": "nixpkgs",
        "type": "github"
      }
    },
    "nur": {
      "locked": {
        "lastModified": 1635795627,
        "narHash": "sha256-mNd19YL9z1XtS60x0D3iqV0oS+YbzsMNeV86uV375zs=",
        "owner": "nix-community",
        "repo": "NUR",
        "rev": "a972ba86b67a53704c6474059b9551f31c080718",
        "type": "github"
      },
      "original": {
        "owner": "nix-community",
        "repo": "NUR",
        "type": "github"
      }
    },
    "root": {
      "inputs": {
        "dwm": "dwm",
        "home-manager": "home-manager",
        "neovim-nightly-overlay": "neovim-nightly-overlay",
        "nixpkgs": "nixpkgs",
        "nur": "nur",
        "st": "st"
      }
    },
    "st": {
      "flake": false,
      "locked": {
        "lastModified": 1627499086,
        "narHash": "sha256-F8Gbuym5zhrDTgMipEIWuhuqkLgthSiJSdwn7ViNEio=",
        "owner": "notusknot",
        "repo": "st",
        "rev": "7444f4a1526b398b0d8e6988f06e69c8324d042f",
        "type": "github"
      },
      "original": {
        "owner": "notusknot",
        "repo": "st",
        "type": "github"
      }
    }
  },
  "root": "root",
  "version": 7
}
